// !$*UTF8*$!
{
	archiveVersion = 1;
	classes = {
	};
	objectVersion = 77;
	objects = {

/* Begin PBXBuildFile section */
		22EA1CB33A17DCC6FC82406D /* Assets.xcassets in Resources */ = {isa = PBXBuildFile; fileRef = F543015C899423D4B01CEB2E /* Assets.xcassets */; };
		307C2654CD5972A25FB7FD87 /* iOSApp.swift in Sources */ = {isa = PBXBuildFile; fileRef = 668CECA83ACC03A83C85A623 /* iOSApp.swift */; };
		56B0305B5D3847FC6B326502 /* ContentView.swift in Sources */ = {isa = PBXBuildFile; fileRef = CE8509E5A49E4A5CAAEB3ADB /* ContentView.swift */; };
		E41EE8A1ECA841761BCA5E8F /* EventFormSheet.swift in Sources */ = {isa = PBXBuildFile; fileRef = 4CD25AFDE24CBDDC9ABA2ECD /* EventFormSheet.swift */; };
		2912612F8B6F2D8A2CDBD58B /* ScheduleView.swift in Sources */ = {isa = PBXBuildFile; fileRef = 1857214CA02E30D9B0817F6B /* ScheduleView.swift */; };
		38A3B0AEDBC24B708277F73F /* SearchOverlay.swift in Sources */ = {isa = PBXBuildFile; fileRef = 6F53B95416994548B8ADA438 /* SearchOverlay.swift */; };
		C324376658C14082B46BAA3B /* AttendanceScanView.swift in Sources */ = {isa = PBXBuildFile; fileRef = 1EC621D8228B40AE813C6F09 /* AttendanceScanView.swift */; };
		45492966B0AF4FCD91D03C5F /* NotificationView.swift in Sources */ = {isa = PBXBuildFile; fileRef = FBEC9029BDE54610AC8210CC /* NotificationView.swift */; };
		305932E9EB054769BFB31DF9 /* ChatListView.swift in Sources */ = {isa = PBXBuildFile; fileRef = 7BCAF131BC9D45739062B794 /* ChatListView.swift */; };
		96F1B9E60E6547E7A511F57D /* WorkView.swift in Sources */ = {isa = PBXBuildFile; fileRef = C16CD7C634804608B556958E /* WorkView.swift */; };
		13F7B0F542244DBA8BFB3C4E /* AiChatView.swift in Sources */ = {isa = PBXBuildFile; fileRef = 6D67AB8908274F968ADBE44C /* AiChatView.swift */; };
		862B36BDF23F45639DACFDBA /* MoreView.swift in Sources */ = {isa = PBXBuildFile; fileRef = BD5506A079A849F4805E8E61 /* MoreView.swift */; };
		6C22166D1BBA2BD583630137 /* CalendarGridView.swift in Sources */ = {isa = PBXBuildFile; fileRef = 8D2E4112F6506EBA42F7A8EA /* CalendarGridView.swift */; };
		8B4BC8852CB3BAEFB2236D23 /* UpcomingListView.swift in Sources */ = {isa = PBXBuildFile; fileRef = 109925132058F93C1D211671 /* UpcomingListView.swift */; };
		CD4538821ADD8C9A64B18E84 /* TabPage.swift in Sources */ = {isa = PBXBuildFile; fileRef = AEEE62B47F420A9F444C9E29 /* TabPage.swift */; };
		D0E7C42C0BA9F4D9E3E864D4 /* HomeAlertBanner.swift in Sources */ = {isa = PBXBuildFile; fileRef = 2794DF1899E2B95BDD7E417E /* HomeAlertBanner.swift */; };
		9D80935116A35FF4C124E807 /* TodayNewsCard.swift in Sources */ = {isa = PBXBuildFile; fileRef = E79A99C97D53D8923C7F1A53 /* TodayNewsCard.swift */; };
		4BB46CBFA4B8BD59AF42918D /* HomeShortcuts.swift in Sources */ = {isa = PBXBuildFile; fileRef = E492B578FABFDFAF872879E1 /* HomeShortcuts.swift */; };
		9B1202A891865BFAAA8793E2 /* TodayWorkCard.swift in Sources */ = {isa = PBXBuildFile; fileRef = 8B6A148F2A7DE883B70CB95A /* TodayWorkCard.swift */; };
		24603AA8641282E8FB0E19AD /* MainScreen.swift in Sources */ = {isa = PBXBuildFile; fileRef = 4E793824202E64E67580836F /* MainScreen.swift */; };
		0FBD04005571F35049F51515 /* HifisTheme.swift in Sources */ = {isa = PBXBuildFile; fileRef = BDB0956765C6566C45DD1190 /* HifisTheme.swift */; };
		FC31AE4454C3C5F7AB5C4FF5 /* HeaderIconButton.swift in Sources */ = {isa = PBXBuildFile; fileRef = 3944AA87BFB08C25ABCE8073 /* HeaderIconButton.swift */; };
		8E5B07AB2D2206D98E230E71 /* AppHeader.swift in Sources */ = {isa = PBXBuildFile; fileRef = 3B9661D7CE8B8304BB173BDF /* AppHeader.swift */; };
		982B3BC723BAE82D8E58240A /* HomeView.swift in Sources */ = {isa = PBXBuildFile; fileRef = F2730D7947A36877F14DA2B1 /* HomeView.swift */; };
/* End PBXBuildFile section */

/* Begin PBXFileReference section */
		668CECA83ACC03A83C85A623 /* iOSApp.swift */ = {isa = PBXFileReference; lastKnownFileType = sourcecode.swift; path = iOSApp.swift; sourceTree = "<group>"; };
		86038AE1032E284E79B32AD6 /* iosApp.app */ = {isa = PBXFileReference; includeInIndex = 0; lastKnownFileType = wrapper.application; path = iosApp.app; sourceTree = BUILT_PRODUCTS_DIR; };
		C117AD187833E2513BD2F553 /* Info.plist */ = {isa = PBXFileReference; lastKnownFileType = text.plist; path = Info.plist; sourceTree = "<group>"; };
		CE8509E5A49E4A5CAAEB3ADB /* ContentView.swift */ = {isa = PBXFileReference; lastKnownFileType = sourcecode.swift; path = ContentView.swift; sourceTree = "<group>"; };
		4CD25AFDE24CBDDC9ABA2ECD /* EventFormSheet.swift */ = {isa = PBXFileReference; lastKnownFileType = sourcecode.swift; path = EventFormSheet.swift; sourceTree = "<group>"; };
		1857214CA02E30D9B0817F6B /* ScheduleView.swift */ = {isa = PBXFileReference; lastKnownFileType = sourcecode.swift; path = ScheduleView.swift; sourceTree = "<group>"; };
		6F53B95416994548B8ADA438 /* SearchOverlay.swift */ = {isa = PBXFileReference; lastKnownFileType = sourcecode.swift; path = SearchOverlay.swift; sourceTree = "<group>"; };
		1EC621D8228B40AE813C6F09 /* AttendanceScanView.swift */ = {isa = PBXFileReference; lastKnownFileType = sourcecode.swift; path = AttendanceScanView.swift; sourceTree = "<group>"; };
		FBEC9029BDE54610AC8210CC /* NotificationView.swift */ = {isa = PBXFileReference; lastKnownFileType = sourcecode.swift; path = NotificationView.swift; sourceTree = "<group>"; };
		7BCAF131BC9D45739062B794 /* ChatListView.swift */ = {isa = PBXFileReference; lastKnownFileType = sourcecode.swift; path = ChatListView.swift; sourceTree = "<group>"; };
		C16CD7C634804608B556958E /* WorkView.swift */ = {isa = PBXFileReference; lastKnownFileType = sourcecode.swift; path = WorkView.swift; sourceTree = "<group>"; };
		6D67AB8908274F968ADBE44C /* AiChatView.swift */ = {isa = PBXFileReference; lastKnownFileType = sourcecode.swift; path = AiChatView.swift; sourceTree = "<group>"; };
		BD5506A079A849F4805E8E61 /* MoreView.swift */ = {isa = PBXFileReference; lastKnownFileType = sourcecode.swift; path = MoreView.swift; sourceTree = "<group>"; };
		8D2E4112F6506EBA42F7A8EA /* CalendarGridView.swift */ = {isa = PBXFileReference; lastKnownFileType = sourcecode.swift; path = CalendarGridView.swift; sourceTree = "<group>"; };
		109925132058F93C1D211671 /* UpcomingListView.swift */ = {isa = PBXFileReference; lastKnownFileType = sourcecode.swift; path = UpcomingListView.swift; sourceTree = "<group>"; };
		AEEE62B47F420A9F444C9E29 /* TabPage.swift */ = {isa = PBXFileReference; lastKnownFileType = sourcecode.swift; path = TabPage.swift; sourceTree = "<group>"; };
		2794DF1899E2B95BDD7E417E /* HomeAlertBanner.swift */ = {isa = PBXFileReference; lastKnownFileType = sourcecode.swift; path = HomeAlertBanner.swift; sourceTree = "<group>"; };
		E79A99C97D53D8923C7F1A53 /* TodayNewsCard.swift */ = {isa = PBXFileReference; lastKnownFileType = sourcecode.swift; path = TodayNewsCard.swift; sourceTree = "<group>"; };
		E492B578FABFDFAF872879E1 /* HomeShortcuts.swift */ = {isa = PBXFileReference; lastKnownFileType = sourcecode.swift; path = HomeShortcuts.swift; sourceTree = "<group>"; };
		8B6A148F2A7DE883B70CB95A /* TodayWorkCard.swift */ = {isa = PBXFileReference; lastKnownFileType = sourcecode.swift; path = TodayWorkCard.swift; sourceTree = "<group>"; };
		4E793824202E64E67580836F /* MainScreen.swift */ = {isa = PBXFileReference; lastKnownFileType = sourcecode.swift; path = MainScreen.swift; sourceTree = "<group>"; };
		BDB0956765C6566C45DD1190 /* HifisTheme.swift */ = {isa = PBXFileReference; lastKnownFileType = sourcecode.swift; path = HifisTheme.swift; sourceTree = "<group>"; };
		3944AA87BFB08C25ABCE8073 /* HeaderIconButton.swift */ = {isa = PBXFileReference; lastKnownFileType = sourcecode.swift; path = HeaderIconButton.swift; sourceTree = "<group>"; };
		3B9661D7CE8B8304BB173BDF /* AppHeader.swift */ = {isa = PBXFileReference; lastKnownFileType = sourcecode.swift; path = AppHeader.swift; sourceTree = "<group>"; };
		F2730D7947A36877F14DA2B1 /* HomeView.swift */ = {isa = PBXFileReference; lastKnownFileType = sourcecode.swift; path = HomeView.swift; sourceTree = "<group>"; };
		F543015C899423D4B01CEB2E /* Assets.xcassets */ = {isa = PBXFileReference; lastKnownFileType = folder.assetcatalog; path = Assets.xcassets; sourceTree = "<group>"; };
/* End PBXFileReference section */

/* Begin PBXGroup section */
		1DB4B685CAEE8BEFEBBAEF94 /* iosApp */ = {
			isa = PBXGroup;
			children = (
				F543015C899423D4B01CEB2E /* Assets.xcassets */,
				CE8509E5A49E4A5CAAEB3ADB /* ContentView.swift */,
				C117AD187833E2513BD2F553 /* Info.plist */,
				668CECA83ACC03A83C85A623 /* iOSApp.swift */,
				4CD25AFDE24CBDDC9ABA2ECD /* EventFormSheet.swift */,
				1857214CA02E30D9B0817F6B /* ScheduleView.swift */,
				6F53B95416994548B8ADA438 /* SearchOverlay.swift */,
				1EC621D8228B40AE813C6F09 /* AttendanceScanView.swift */,
				FBEC9029BDE54610AC8210CC /* NotificationView.swift */,
				7BCAF131BC9D45739062B794 /* ChatListView.swift */,
				C16CD7C634804608B556958E /* WorkView.swift */,
				6D67AB8908274F968ADBE44C /* AiChatView.swift */,
				BD5506A079A849F4805E8E61 /* MoreView.swift */,
				8D2E4112F6506EBA42F7A8EA /* CalendarGridView.swift */,
				109925132058F93C1D211671 /* UpcomingListView.swift */,
				AEEE62B47F420A9F444C9E29 /* TabPage.swift */,
				2794DF1899E2B95BDD7E417E /* HomeAlertBanner.swift */,
				E79A99C97D53D8923C7F1A53 /* TodayNewsCard.swift */,
				E492B578FABFDFAF872879E1 /* HomeShortcuts.swift */,
				8B6A148F2A7DE883B70CB95A /* TodayWorkCard.swift */,
				4E793824202E64E67580836F /* MainScreen.swift */,
				BDB0956765C6566C45DD1190 /* HifisTheme.swift */,
				3944AA87BFB08C25ABCE8073 /* HeaderIconButton.swift */,
				3B9661D7CE8B8304BB173BDF /* AppHeader.swift */,
				F2730D7947A36877F14DA2B1 /* HomeView.swift */,
			);
			path = iosApp;
			sourceTree = "<group>";
		};
		38B69C3F79CD97858CF7B609 = {
			isa = PBXGroup;
			children = (
				1DB4B685CAEE8BEFEBBAEF94 /* iosApp */,
				94C98B8B3A2BFC1966447269 /* Products */,
			);
			sourceTree = "<group>";
		};
		94C98B8B3A2BFC1966447269 /* Products */ = {
			isa = PBXGroup;
			children = (
				86038AE1032E284E79B32AD6 /* iosApp.app */,
			);
			name = Products;
			sourceTree = "<group>";
		};
/* End PBXGroup section */

/* Begin PBXNativeTarget section */
		78B53CC79860CBFC2F5543C6 /* iosApp */ = {
			isa = PBXNativeTarget;
			buildConfigurationList = 29DCA9F0B3A40325067EB163 /* Build configuration list for PBXNativeTarget "iosApp" */;
			buildPhases = (
				B6DE50D664B90F62B7082E1F /* Build SharedKit.framework (Kotlin/Native) */,
				297B59D9CE634556D6007C40 /* Sources */,
				1623B02D10928C8101C1F806 /* Resources */,
			);
			buildRules = (
			);
			dependencies = (
			);
			name = iosApp;
			packageProductDependencies = (
			);
			productName = iosApp;
			productReference = 86038AE1032E284E79B32AD6 /* iosApp.app */;
			productType = "com.apple.product-type.application";
		};
/* End PBXNativeTarget section */

/* Begin PBXProject section */
		242FB5348943441C388468CE /* Project object */ = {
			isa = PBXProject;
			attributes = {
				BuildIndependentTargetsInParallel = YES;
				LastUpgradeCheck = 1430;
				TargetAttributes = {
				};
			};
			buildConfigurationList = FF7CA1CA754D017066F1822F /* Build configuration list for PBXProject "iosApp" */;
			developmentRegion = en;
			hasScannedForEncodings = 0;
			knownRegions = (
				Base,
				en,
			);
			mainGroup = 38B69C3F79CD97858CF7B609;
			minimizedProjectReferenceProxies = 1;
			preferredProjectObjectVersion = 77;
			productRefGroup = 94C98B8B3A2BFC1966447269 /* Products */;
			projectDirPath = "";
			projectRoot = "";
			targets = (
				78B53CC79860CBFC2F5543C6 /* iosApp */,
			);
		};
/* End PBXProject section */

/* Begin PBXResourcesBuildPhase section */
		1623B02D10928C8101C1F806 /* Resources */ = {
			isa = PBXResourcesBuildPhase;
			buildActionMask = 2147483647;
			files = (
				22EA1CB33A17DCC6FC82406D /* Assets.xcassets in Resources */,
			);
			runOnlyForDeploymentPostprocessing = 0;
		};
/* End PBXResourcesBuildPhase section */

/* Begin PBXShellScriptBuildPhase section */
		B6DE50D664B90F62B7082E1F /* Build SharedKit.framework (Kotlin/Native) */ = {
			isa = PBXShellScriptBuildPhase;
			alwaysOutOfDate = 1;
			buildActionMask = 2147483647;
			files = (
			);
			inputFileListPaths = (
			);
			inputPaths = (
			);
			name = "Build SharedKit.framework (Kotlin/Native)";
			outputFileListPaths = (
			);
			outputPaths = (
			);
			runOnlyForDeploymentPostprocessing = 0;
			shellPath = /bin/sh;
			shellScript = "set -e\n\n# Xcode 빌드 환경에는 로그인 셸의 PATH 가 없으므로 JDK 를 직접 찾습니다.\nif [ -z \"$JAVA_HOME\" ]; then\n  if /usr/libexec/java_home -v 21 >/dev/null 2>&1; then\n    JAVA_HOME=\"$(/usr/libexec/java_home -v 21)\"\n  elif [ -d /opt/homebrew/opt/openjdk@21/libexec/openjdk.jdk/Contents/Home ]; then\n    JAVA_HOME=/opt/homebrew/opt/openjdk@21/libexec/openjdk.jdk/Contents/Home\n  else\n    echo \"error: JDK 21 을 찾을 수 없습니다. JAVA_HOME 을 설정하세요.\" >&2\n    exit 1\n  fi\nfi\nexport JAVA_HOME\nexport PATH=\"$JAVA_HOME/bin:$PATH\"\n\ncd \"$SRCROOT/..\"\n./gradlew :shared:embedAndSignAppleFrameworkForXcode\n";
		};
/* End PBXShellScriptBuildPhase section */

/* Begin PBXSourcesBuildPhase section */
		297B59D9CE634556D6007C40 /* Sources */ = {
			isa = PBXSourcesBuildPhase;
			buildActionMask = 2147483647;
			files = (
				56B0305B5D3847FC6B326502 /* ContentView.swift in Sources */,
				307C2654CD5972A25FB7FD87 /* iOSApp.swift in Sources */,
				E41EE8A1ECA841761BCA5E8F /* EventFormSheet.swift in Sources */,
				2912612F8B6F2D8A2CDBD58B /* ScheduleView.swift in Sources */,
				38A3B0AEDBC24B708277F73F /* SearchOverlay.swift in Sources */,
				C324376658C14082B46BAA3B /* AttendanceScanView.swift in Sources */,
				45492966B0AF4FCD91D03C5F /* NotificationView.swift in Sources */,
				305932E9EB054769BFB31DF9 /* ChatListView.swift in Sources */,
				96F1B9E60E6547E7A511F57D /* WorkView.swift in Sources */,
				13F7B0F542244DBA8BFB3C4E /* AiChatView.swift in Sources */,
				862B36BDF23F45639DACFDBA /* MoreView.swift in Sources */,
				6C22166D1BBA2BD583630137 /* CalendarGridView.swift in Sources */,
				8B4BC8852CB3BAEFB2236D23 /* UpcomingListView.swift in Sources */,
				CD4538821ADD8C9A64B18E84 /* TabPage.swift in Sources */,
				D0E7C42C0BA9F4D9E3E864D4 /* HomeAlertBanner.swift in Sources */,
				9D80935116A35FF4C124E807 /* TodayNewsCard.swift in Sources */,
				4BB46CBFA4B8BD59AF42918D /* HomeShortcuts.swift in Sources */,
				9B1202A891865BFAAA8793E2 /* TodayWorkCard.swift in Sources */,
				24603AA8641282E8FB0E19AD /* MainScreen.swift in Sources */,
				0FBD04005571F35049F51515 /* HifisTheme.swift in Sources */,
				FC31AE4454C3C5F7AB5C4FF5 /* HeaderIconButton.swift in Sources */,
				8E5B07AB2D2206D98E230E71 /* AppHeader.swift in Sources */,
				982B3BC723BAE82D8E58240A /* HomeView.swift in Sources */,
			);
			runOnlyForDeploymentPostprocessing = 0;
		};
/* End PBXSourcesBuildPhase section */

/* Begin XCBuildConfiguration section */
		11814011E7D6EC822BFBC66D /* Release */ = {
			isa = XCBuildConfiguration;
			buildSettings = {
				ALWAYS_SEARCH_USER_PATHS = NO;
				CLANG_ANALYZER_NONNULL = YES;
				CLANG_ANALYZER_NUMBER_OBJECT_CONVERSION = YES_AGGRESSIVE;
				CLANG_CXX_LANGUAGE_STANDARD = "gnu++14";
				CLANG_CXX_LIBRARY = "libc++";
				CLANG_ENABLE_MODULES = YES;
				CLANG_ENABLE_OBJC_ARC = YES;
				CLANG_ENABLE_OBJC_WEAK = YES;
				CLANG_WARN_BLOCK_CAPTURE_AUTORELEASING = YES;
				CLANG_WARN_BOOL_CONVERSION = YES;
				CLANG_WARN_COMMA = YES;
				CLANG_WARN_CONSTANT_CONVERSION = YES;
				CLANG_WARN_DEPRECATED_OBJC_IMPLEMENTATIONS = YES;
				CLANG_WARN_DIRECT_OBJC_ISA_USAGE = YES_ERROR;
				CLANG_WARN_DOCUMENTATION_COMMENTS = YES;
				CLANG_WARN_EMPTY_BODY = YES;
				CLANG_WARN_ENUM_CONVERSION = YES;
				CLANG_WARN_INFINITE_RECURSION = YES;
				CLANG_WARN_INT_CONVERSION = YES;
				CLANG_WARN_NON_LITERAL_NULL_CONVERSION = YES;
				CLANG_WARN_OBJC_IMPLICIT_RETAIN_SELF = YES;
				CLANG_WARN_OBJC_LITERAL_CONVERSION = YES;
				CLANG_WARN_OBJC_ROOT_CLASS = YES_ERROR;
				CLANG_WARN_QUOTED_INCLUDE_IN_FRAMEWORK_HEADER = YES;
				CLANG_WARN_RANGE_LOOP_ANALYSIS = YES;
				CLANG_WARN_STRICT_PROTOTYPES = YES;
				CLANG_WARN_SUSPICIOUS_MOVE = YES;
				CLANG_WARN_UNGUARDED_AVAILABILITY = YES_AGGRESSIVE;
				CLANG_WARN_UNREACHABLE_CODE = YES;
				CLANG_WARN__DUPLICATE_METHOD_MATCH = YES;
				COPY_PHASE_STRIP = NO;
				DEBUG_INFORMATION_FORMAT = "dwarf-with-dsym";
				ENABLE_NS_ASSERTIONS = NO;
				ENABLE_STRICT_OBJC_MSGSEND = YES;
				ENABLE_USER_SCRIPT_SANDBOXING = NO;
				GCC_C_LANGUAGE_STANDARD = gnu11;
				GCC_NO_COMMON_BLOCKS = YES;
				GCC_WARN_64_TO_32_BIT_CONVERSION = YES;
				GCC_WARN_ABOUT_RETURN_TYPE = YES_ERROR;
				GCC_WARN_UNDECLARED_SELECTOR = YES;
				GCC_WARN_UNINITIALIZED_AUTOS = YES_AGGRESSIVE;
				GCC_WARN_UNUSED_FUNCTION = YES;
				GCC_WARN_UNUSED_VARIABLE = YES;
				IPHONEOS_DEPLOYMENT_TARGET = 16.0;
				MTL_ENABLE_DEBUG_INFO = NO;
				MTL_FAST_MATH = YES;
				PRODUCT_NAME = "$(TARGET_NAME)";
				SDKROOT = iphoneos;
				SWIFT_COMPILATION_MODE = wholemodule;
				SWIFT_OPTIMIZATION_LEVEL = "-O";
				SWIFT_VERSION = 5.0;
			};
			name = Release;
		};
		6C824A6EB4BAD43AE2A4BB29 /* Debug */ = {
			isa = XCBuildConfiguration;
			buildSettings = {
				ALWAYS_SEARCH_USER_PATHS = NO;
				CLANG_ANALYZER_NONNULL = YES;
				CLANG_ANALYZER_NUMBER_OBJECT_CONVERSION = YES_AGGRESSIVE;
				CLANG_CXX_LANGUAGE_STANDARD = "gnu++14";
				CLANG_CXX_LIBRARY = "libc++";
				CLANG_ENABLE_MODULES = YES;
				CLANG_ENABLE_OBJC_ARC = YES;
				CLANG_ENABLE_OBJC_WEAK = YES;
				CLANG_WARN_BLOCK_CAPTURE_AUTORELEASING = YES;
				CLANG_WARN_BOOL_CONVERSION = YES;
				CLANG_WARN_COMMA = YES;
				CLANG_WARN_CONSTANT_CONVERSION = YES;
				CLANG_WARN_DEPRECATED_OBJC_IMPLEMENTATIONS = YES;
				CLANG_WARN_DIRECT_OBJC_ISA_USAGE = YES_ERROR;
				CLANG_WARN_DOCUMENTATION_COMMENTS = YES;
				CLANG_WARN_EMPTY_BODY = YES;
				CLANG_WARN_ENUM_CONVERSION = YES;
				CLANG_WARN_INFINITE_RECURSION = YES;
				CLANG_WARN_INT_CONVERSION = YES;
				CLANG_WARN_NON_LITERAL_NULL_CONVERSION = YES;
				CLANG_WARN_OBJC_IMPLICIT_RETAIN_SELF = YES;
				CLANG_WARN_OBJC_LITERAL_CONVERSION = YES;
				CLANG_WARN_OBJC_ROOT_CLASS = YES_ERROR;
				CLANG_WARN_QUOTED_INCLUDE_IN_FRAMEWORK_HEADER = YES;
				CLANG_WARN_RANGE_LOOP_ANALYSIS = YES;
				CLANG_WARN_STRICT_PROTOTYPES = YES;
				CLANG_WARN_SUSPICIOUS_MOVE = YES;
				CLANG_WARN_UNGUARDED_AVAILABILITY = YES_AGGRESSIVE;
				CLANG_WARN_UNREACHABLE_CODE = YES;
				CLANG_WARN__DUPLICATE_METHOD_MATCH = YES;
				COPY_PHASE_STRIP = NO;
				DEBUG_INFORMATION_FORMAT = dwarf;
				ENABLE_STRICT_OBJC_MSGSEND = YES;
				ENABLE_TESTABILITY = YES;
				ENABLE_USER_SCRIPT_SANDBOXING = NO;
				GCC_C_LANGUAGE_STANDARD = gnu11;
				GCC_DYNAMIC_NO_PIC = NO;
				GCC_NO_COMMON_BLOCKS = YES;
				GCC_OPTIMIZATION_LEVEL = 0;
				GCC_PREPROCESSOR_DEFINITIONS = (
					"$(inherited)",
					"DEBUG=1",
				);
				GCC_WARN_64_TO_32_BIT_CONVERSION = YES;
				GCC_WARN_ABOUT_RETURN_TYPE = YES_ERROR;
				GCC_WARN_UNDECLARED_SELECTOR = YES;
				GCC_WARN_UNINITIALIZED_AUTOS = YES_AGGRESSIVE;
				GCC_WARN_UNUSED_FUNCTION = YES;
				GCC_WARN_UNUSED_VARIABLE = YES;
				IPHONEOS_DEPLOYMENT_TARGET = 16.0;
				MTL_ENABLE_DEBUG_INFO = INCLUDE_SOURCE;
				MTL_FAST_MATH = YES;
				ONLY_ACTIVE_ARCH = YES;
				PRODUCT_NAME = "$(TARGET_NAME)";
				SDKROOT = iphoneos;
				SWIFT_ACTIVE_COMPILATION_CONDITIONS = DEBUG;
				SWIFT_OPTIMIZATION_LEVEL = "-Onone";
				SWIFT_VERSION = 5.0;
			};
			name = Debug;
		};
		9221A1FDC06803E8A2FC6E61 /* Debug */ = {
			isa = XCBuildConfiguration;
			buildSettings = {
				ASSETCATALOG_COMPILER_APPICON_NAME = AppIcon;
				ASSETCATALOG_COMPILER_GLOBAL_ACCENT_COLOR_NAME = AccentColor;
				CODE_SIGN_IDENTITY = "iPhone Developer";
				CURRENT_PROJECT_VERSION = 1;
				FRAMEWORK_SEARCH_PATHS = (
					"$(inherited)",
					"$(SRCROOT)/../shared/build/xcode-frameworks/$(CONFIGURATION)/$(SDK_NAME)",
				);
				INFOPLIST_FILE = iosApp/Info.plist;
				LD_RUNPATH_SEARCH_PATHS = (
					"$(inherited)",
					"@executable_path/Frameworks",
				);
				MARKETING_VERSION = 1.0.0;
				OTHER_LDFLAGS = (
					"$(inherited)",
					"-framework",
					SharedKit,
				);
				APP_DISPLAY_NAME = "HiFIS Dev";
				PRODUCT_BUNDLE_IDENTIFIER = app.hifis.hifis.debug;
				PRODUCT_NAME = HiFIS;
				SDKROOT = iphoneos;
				TARGETED_DEVICE_FAMILY = "1,2";
			};
			name = Debug;
		};
		AF835BFF1220CA5AB5B867E4 /* Release */ = {
			isa = XCBuildConfiguration;
			buildSettings = {
				ASSETCATALOG_COMPILER_APPICON_NAME = AppIcon;
				ASSETCATALOG_COMPILER_GLOBAL_ACCENT_COLOR_NAME = AccentColor;
				CODE_SIGN_IDENTITY = "iPhone Developer";
				CURRENT_PROJECT_VERSION = 1;
				FRAMEWORK_SEARCH_PATHS = (
					"$(inherited)",
					"$(SRCROOT)/../shared/build/xcode-frameworks/$(CONFIGURATION)/$(SDK_NAME)",
				);
				INFOPLIST_FILE = iosApp/Info.plist;
				LD_RUNPATH_SEARCH_PATHS = (
					"$(inherited)",
					"@executable_path/Frameworks",
				);
				MARKETING_VERSION = 1.0.0;
				OTHER_LDFLAGS = (
					"$(inherited)",
					"-framework",
					SharedKit,
				);
				APP_DISPLAY_NAME = HiFIS;
				PRODUCT_BUNDLE_IDENTIFIER = app.hifis.hifis;
				PRODUCT_NAME = HiFIS;
				SDKROOT = iphoneos;
				TARGETED_DEVICE_FAMILY = "1,2";
			};
			name = Release;
		};
/* End XCBuildConfiguration section */

/* Begin XCConfigurationList section */
		29DCA9F0B3A40325067EB163 /* Build configuration list for PBXNativeTarget "iosApp" */ = {
			isa = XCConfigurationList;
			buildConfigurations = (
				9221A1FDC06803E8A2FC6E61 /* Debug */,
				AF835BFF1220CA5AB5B867E4 /* Release */,
			);
			defaultConfigurationIsVisible = 0;
			defaultConfigurationName = Debug;
		};
		FF7CA1CA754D017066F1822F /* Build configuration list for PBXProject "iosApp" */ = {
			isa = XCConfigurationList;
			buildConfigurations = (
				6C824A6EB4BAD43AE2A4BB29 /* Debug */,
				11814011E7D6EC822BFBC66D /* Release */,
			);
			defaultConfigurationIsVisible = 0;
			defaultConfigurationName = Debug;
		};
/* End XCConfigurationList section */
	};
	rootObject = 242FB5348943441C388468CE /* Project object */;
}
